
Microsoft Visual Studio Solution File, Format Version 12.00
# Visual Studio 15
VisualStudioVersion = 15.0.26124.0
MinimumVisualStudioVersion = 15.0.26124.0
Project("{FAE04EC0-301F-11D3-BF4B-00C04F79EFBC}") = "TicTacToe", "TicTacToe\TicTacToe.csproj", "{C3472E17-9CEF-4FCB-B6A8-9BF107CC188E}"
EndProject
Project("{FAE04EC0-301F-11D3-BF4B-00C04F79EFBC}") = "TicTacToe.Tests", "TicTacToe.Tests\TicTacToe.Tests.csproj", "{C148F9BD-48DE-4680-B428-B8EE51C78EE1}"
EndProject
Global
	GlobalSection(SolutionConfigurationPlatforms) = preSolution
		Debug|Any CPU = Debug|Any CPU
		Debug|x64 = Debug|x64
		Debug|x86 = Debug|x86
		Release|Any CPU = Release|Any CPU
		Release|x64 = Release|x64
		Release|x86 = Release|x86
	EndGlobalSection
	GlobalSection(SolutionProperties) = preSolution
		HideSolutionNode = FALSE
	EndGlobalSection
	GlobalSection(ProjectConfigurationPlatforms) = postSolution
		{C3472E17-9CEF-4FCB-B6A8-9BF107CC188E}.Debug|Any CPU.ActiveCfg = Debug|Any CPU
		{C3472E17-9CEF-4FCB-B6A8-9BF107CC188E}.Debug|Any CPU.Build.0 = Debug|Any CPU
		{C3472E17-9CEF-4FCB-B6A8-9BF107CC188E}.Debug|x64.ActiveCfg = Debug|Any CPU
		{C3472E17-9CEF-4FCB-B6A8-9BF107CC188E}.Debug|x64.Build.0 = Debug|Any CPU
		{C3472E17-9CEF-4FCB-B6A8-9BF107CC188E}.Debug|x86.ActiveCfg = Debug|Any CPU
		{C3472E17-9CEF-4FCB-B6A8-9BF107CC188E}.Debug|x86.Build.0 = Debug|Any CPU
		{C3472E17-9CEF-4FCB-B6A8-9BF107CC188E}.Release|Any CPU.ActiveCfg = Release|Any CPU
		{C3472E17-9CEF-4FCB-B6A8-9BF107CC188E}.Release|Any CPU.Build.0 = Release|Any CPU
		{C3472E17-9CEF-4FCB-B6A8-9BF107CC188E}.Release|x64.ActiveCfg = Release|Any CPU
		{C3472E17-9CEF-4FCB-B6A8-9BF107CC188E}.Release|x64.Build.0 = Release|Any CPU
		{C3472E17-9CEF-4FCB-B6A8-9BF107CC188E}.Release|x86.ActiveCfg = Release|Any CPU
		{C3472E17-9CEF-4FCB-B6A8-9BF107CC188E}.Release|x86.Build.0 = Release|Any CPU
		{C148F9BD-48DE-4680-B428-B8EE51C78EE1}.Debug|Any CPU.ActiveCfg = Debug|Any CPU
		{C148F9BD-48DE-4680-B428-B8EE51C78EE1}.Debug|Any CPU.Build.0 = Debug|Any CPU
		{C148F9BD-48DE-4680-B428-B8EE51C78EE1}.Debug|x64.ActiveCfg = Debug|Any CPU
		{C148F9BD-48DE-4680-B428-B8EE51C78EE1}.Debug|x64.Build.0 = Debug|Any CPU
		{C148F9BD-48DE-4680-B428-B8EE51C78EE1}.Debug|x86.ActiveCfg = Debug|Any CPU
		{C148F9BD-48DE-4680-B428-B8EE51C78EE1}.Debug|x86.Build.0 = Debug|Any CPU
		{C148F9BD-48DE-4680-B428-B8EE51C78EE1}.Release|Any CPU.ActiveCfg = Release|Any CPU
		{C148F9BD-48DE-4680-B428-B8EE51C78EE1}.Release|Any CPU.Build.0 = Release|Any CPU
		{C148F9BD-48DE-4680-B428-B8EE51C78EE1}.Release|x64.ActiveCfg = Release|Any CPU
		{C148F9BD-48DE-4680-B428-B8EE51C78EE1}.Release|x64.Build.0 = Release|Any CPU
		{C148F9BD-48DE-4680-B428-B8EE51C78EE1}.Release|x86.ActiveCfg = Release|Any CPU
		{C148F9BD-48DE-4680-B428-B8EE51C78EE1}.Release|x86.Build.0 = Release|Any CPU
	EndGlobalSection
EndGlobal
